
Microsoft Visual Studio Solution File, Format Version 12.00
# Visual Studio Version 16
VisualStudioVersion = 16.0.32228.343
MinimumVisualStudioVersion = 10.0.40219.1
Project("{9A19103F-16F7-4668-BE54-9A1E7A4F7556}") = "Symptomfinder", "Symptomfinder.csproj", "{2B9F6E3C-69F8-417D-8916-77276B3A50DA}"
EndProject
Project("{FAE04EC0-301F-11D3-BF4B-00C04F79EFBC}") = "SymptomeFinderTest", "..\SymptomeFinderTest\SymptomeFinderTest.csproj", "{69C72633-24EF-4CFB-95C1-7C5458B3BDB1}"
EndProject
Global
	GlobalSection(SolutionConfigurationPlatforms) = preSolution
		Debug|Any CPU = Debug|Any CPU
		Release|Any CPU = Release|Any CPU
	EndGlobalSection
	GlobalSection(ProjectConfigurationPlatforms) = postSolution
		{2B9F6E3C-69F8-417D-8916-77276B3A50DA}.Debug|Any CPU.ActiveCfg = Debug|Any CPU
		{2B9F6E3C-69F8-417D-8916-77276B3A50DA}.Debug|Any CPU.Build.0 = Debug|Any CPU
		{2B9F6E3C-69F8-417D-8916-77276B3A50DA}.Release|Any CPU.ActiveCfg = Release|Any CPU
		{2B9F6E3C-69F8-417D-8916-77276B3A50DA}.Release|Any CPU.Build.0 = Release|Any CPU
		{69C72633-24EF-4CFB-95C1-7C5458B3BDB1}.Debug|Any CPU.ActiveCfg = Debug|Any CPU
		{69C72633-24EF-4CFB-95C1-7C5458B3BDB1}.Debug|Any CPU.Build.0 = Debug|Any CPU
		{69C72633-24EF-4CFB-95C1-7C5458B3BDB1}.Release|Any CPU.ActiveCfg = Release|Any CPU
		{69C72633-24EF-4CFB-95C1-7C5458B3BDB1}.Release|Any CPU.Build.0 = Release|Any CPU
	EndGlobalSection
	GlobalSection(SolutionProperties) = preSolution
		HideSolutionNode = FALSE
	EndGlobalSection
	GlobalSection(ExtensibilityGlobals) = postSolution
		SolutionGuid = {56CD8F93-ED33-4656-B88E-ADF9CD4D16C4}
	EndGlobalSection
EndGlobal
